// !$*UTF8*$!
{
	archiveVersion = 1;
	classes = {
	};
	objectVersion = 46;
	objects = {

/* Begin PBXBuildFile section */
		4E0F997020DC80D50007A9FC /* main.m in Sources */ = {isa = PBXBuildFile; fileRef = 4E0F996F20DC80D50007A9FC /* main.m */; };
		4E0F997320DC80D50007A9FC /* AppDelegate.m in Sources */ = {isa = PBXBuildFile; fileRef = 4E0F997220DC80D50007A9FC /* AppDelegate.m */; };
		4E0F997620DC80D50007A9FC /* ViewController.m in Sources */ = {isa = PBXBuildFile; fileRef = 4E0F997520DC80D50007A9FC /* ViewController.m */; };
		4E0F997920DC80D50007A9FC /* Main.storyboard in Resources */ = {isa = PBXBuildFile; fileRef = 4E0F997720DC80D50007A9FC /* Main.storyboard */; };
		4E0F997B20DC80D50007A9FC /* Assets.xcassets in Resources */ = {isa = PBXBuildFile; fileRef = 4E0F997A20DC80D50007A9FC /* Assets.xcassets */; };
		4E0F997E20DC80D50007A9FC /* LaunchScreen.storyboard in Resources */ = {isa = PBXBuildFile; fileRef = 4E0F997C20DC80D50007A9FC /* LaunchScreen.storyboard */; };
		4E0F998720DC839A0007A9FC /* Product.m in Sources */ = {isa = PBXBuildFile; fileRef = 4E0F998620DC839A0007A9FC /* Product.m */; };
		4E0F998A20DC847B0007A9FC /* ProductManager.m in Sources */ = {isa = PBXBuildFile; fileRef = 4E0F998920DC847B0007A9FC /* ProductManager.m */; };
		4E60C71320E1C4C800CB8CC3 /* HistoryViewController.m in Sources */ = {isa = PBXBuildFile; fileRef = 4E60C71220E1C4C800CB8CC3 /* HistoryViewController.m */; };
		4E69C8B620E5683400A824BB /* ManagerViewController.m in Sources */ = {isa = PBXBuildFile; fileRef = 4E69C8B520E5683400A824BB /* ManagerViewController.m */; };
		4EC635FE20DDDA1800AC2404 /* CustomButton.m in Sources */ = {isa = PBXBuildFile; fileRef = 4EC635FD20DDDA1800AC2404 /* CustomButton.m */; };
/* End PBXBuildFile section */

/* Begin PBXFileReference section */
		4E0F996B20DC80D50007A9FC /* CashRegister.app */ = {isa = PBXFileReference; explicitFileType = wrapper.application; includeInIndex = 0; path = CashRegister.app; sourceTree = BUILT_PRODUCTS_DIR; };
		4E0F996F20DC80D50007A9FC /* main.m */ = {isa = PBXFileReference; lastKnownFileType = sourcecode.c.objc; path = main.m; sourceTree = "<group>"; };
		4E0F997120DC80D50007A9FC /* AppDelegate.h */ = {isa = PBXFileReference; lastKnownFileType = sourcecode.c.h; path = AppDelegate.h; sourceTree = "<group>"; };
		4E0F997220DC80D50007A9FC /* AppDelegate.m */ = {isa = PBXFileReference; lastKnownFileType = sourcecode.c.objc; path = AppDelegate.m; sourceTree = "<group>"; };
		4E0F997420DC80D50007A9FC /* ViewController.h */ = {isa = PBXFileReference; lastKnownFileType = sourcecode.c.h; path = ViewController.h; sourceTree = "<group>"; };
		4E0F997520DC80D50007A9FC /* ViewController.m */ = {isa = PBXFileReference; lastKnownFileType = sourcecode.c.objc; path = ViewController.m; sourceTree = "<group>"; };
		4E0F997820DC80D50007A9FC /* Base */ = {isa = PBXFileReference; lastKnownFileType = file.storyboard; name = Base; path = Base.lproj/Main.storyboard; sourceTree = "<group>"; };
		4E0F997A20DC80D50007A9FC /* Assets.xcassets */ = {isa = PBXFileReference; lastKnownFileType = folder.assetcatalog; path = Assets.xcassets; sourceTree = "<group>"; };
		4E0F997D20DC80D50007A9FC /* Base */ = {isa = PBXFileReference; lastKnownFileType = file.storyboard; name = Base; path = Base.lproj/LaunchScreen.storyboard; sourceTree = "<group>"; };
		4E0F997F20DC80D50007A9FC /* Info.plist */ = {isa = PBXFileReference; lastKnownFileType = text.plist.xml; path = Info.plist; sourceTree = "<group>"; };
		4E0F998520DC839A0007A9FC /* Product.h */ = {isa = PBXFileReference; fileEncoding = 4; lastKnownFileType = sourcecode.c.h; path = Product.h; sourceTree = "<group>"; };
		4E0F998620DC839A0007A9FC /* Product.m */ = {isa = PBXFileReference; fileEncoding = 4; lastKnownFileType = sourcecode.c.objc; path = Product.m; sourceTree = "<group>"; };
		4E0F998820DC847B0007A9FC /* ProductManager.h */ = {isa = PBXFileReference; fileEncoding = 4; lastKnownFileType = sourcecode.c.h; path = ProductManager.h; sourceTree = "<group>"; };
		4E0F998920DC847B0007A9FC /* ProductManager.m */ = {isa = PBXFileReference; fileEncoding = 4; lastKnownFileType = sourcecode.c.objc; path = ProductManager.m; sourceTree = "<group>"; };
		4E60C71120E1C4C800CB8CC3 /* HistoryViewController.h */ = {isa = PBXFileReference; fileEncoding = 4; lastKnownFileType = sourcecode.c.h; path = HistoryViewController.h; sourceTree = "<group>"; };
		4E60C71220E1C4C800CB8CC3 /* HistoryViewController.m */ = {isa = PBXFileReference; fileEncoding = 4; lastKnownFileType = sourcecode.c.objc; path = HistoryViewController.m; sourceTree = "<group>"; };
		4E69C8B420E5683400A824BB /* ManagerViewController.h */ = {isa = PBXFileReference; fileEncoding = 4; lastKnownFileType = sourcecode.c.h; path = ManagerViewController.h; sourceTree = "<group>"; };
		4E69C8B520E5683400A824BB /* ManagerViewController.m */ = {isa = PBXFileReference; fileEncoding = 4; lastKnownFileType = sourcecode.c.objc; path = ManagerViewController.m; sourceTree = "<group>"; };
		4EC635FC20DDDA1800AC2404 /* CustomButton.h */ = {isa = PBXFileReference; fileEncoding = 4; lastKnownFileType = sourcecode.c.h; path = CustomButton.h; sourceTree = "<group>"; };
		4EC635FD20DDDA1800AC2404 /* CustomButton.m */ = {isa = PBXFileReference; fileEncoding = 4; lastKnownFileType = sourcecode.c.objc; path = CustomButton.m; sourceTree = "<group>"; };
/* End PBXFileReference section */

/* Begin PBXFrameworksBuildPhase section */
		4E0F996820DC80D50007A9FC /* Frameworks */ = {
			isa = PBXFrameworksBuildPhase;
			buildActionMask = 2147483647;
			files = (
			);
			runOnlyForDeploymentPostprocessing = 0;
		};
/* End PBXFrameworksBuildPhase section */

/* Begin PBXGroup section */
		4E0F996220DC80D50007A9FC = {
			isa = PBXGroup;
			children = (
				4E0F996D20DC80D50007A9FC /* CashRegister */,
				4E0F996C20DC80D50007A9FC /* Products */,
			);
			sourceTree = "<group>";
		};
		4E0F996C20DC80D50007A9FC /* Products */ = {
			isa = PBXGroup;
			children = (
				4E0F996B20DC80D50007A9FC /* CashRegister.app */,
			);
			name = Products;
			sourceTree = "<group>";
		};
		4E0F996D20DC80D50007A9FC /* CashRegister */ = {
			isa = PBXGroup;
			children = (
				4E0F997120DC80D50007A9FC /* AppDelegate.h */,
				4E0F997220DC80D50007A9FC /* AppDelegate.m */,
				4E0F997420DC80D50007A9FC /* ViewController.h */,
				4E0F997520DC80D50007A9FC /* ViewController.m */,
				4E0F997720DC80D50007A9FC /* Main.storyboard */,
				4E0F997A20DC80D50007A9FC /* Assets.xcassets */,
				4E0F997C20DC80D50007A9FC /* LaunchScreen.storyboard */,
				4E0F997F20DC80D50007A9FC /* Info.plist */,
				4E0F996E20DC80D50007A9FC /* Supporting Files */,
				4E0F998520DC839A0007A9FC /* Product.h */,
				4E0F998620DC839A0007A9FC /* Product.m */,
				4E0F998820DC847B0007A9FC /* ProductManager.h */,
				4E0F998920DC847B0007A9FC /* ProductManager.m */,
				4EC635FC20DDDA1800AC2404 /* CustomButton.h */,
				4EC635FD20DDDA1800AC2404 /* CustomButton.m */,
				4E60C71120E1C4C800CB8CC3 /* HistoryViewController.h */,
				4E60C71220E1C4C800CB8CC3 /* HistoryViewController.m */,
				4E69C8B420E5683400A824BB /* ManagerViewController.h */,
				4E69C8B520E5683400A824BB /* ManagerViewController.m */,
			);
			path = CashRegister;
			sourceTree = "<group>";
		};
		4E0F996E20DC80D50007A9FC /* Supporting Files */ = {
			isa = PBXGroup;
			children = (
				4E0F996F20DC80D50007A9FC /* main.m */,
			);
			name = "Supporting Files";
			sourceTree = "<group>";
		};
/* End PBXGroup section */

/* Begin PBXNativeTarget section */
		4E0F996A20DC80D50007A9FC /* CashRegister */ = {
			isa = PBXNativeTarget;
			buildConfigurationList = 4E0F998220DC80D50007A9FC /* Build configuration list for PBXNativeTarget "CashRegister" */;
			buildPhases = (
				4E0F996720DC80D50007A9FC /* Sources */,
				4E0F996820DC80D50007A9FC /* Frameworks */,
				4E0F996920DC80D50007A9FC /* Resources */,
			);
			buildRules = (
			);
			dependencies = (
			);
			name = CashRegister;
			productName = CashRegister;
			productReference = 4E0F996B20DC80D50007A9FC /* CashRegister.app */;
			productType = "com.apple.product-type.application";
		};
/* End PBXNativeTarget section */

/* Begin PBXProject section */
		4E0F996320DC80D50007A9FC /* Project object */ = {
			isa = PBXProject;
			attributes = {
				LastUpgradeCheck = 0830;
				ORGANIZATIONNAME = com.map523.seneca;
				TargetAttributes = {
					4E0F996A20DC80D50007A9FC = {
						CreatedOnToolsVersion = 8.3.2;
						ProvisioningStyle = Automatic;
					};
				};
			};
			buildConfigurationList = 4E0F996620DC80D50007A9FC /* Build configuration list for PBXProject "CashRegister" */;
			compatibilityVersion = "Xcode 3.2";
			developmentRegion = English;
			hasScannedForEncodings = 0;
			knownRegions = (
				en,
				Base,
			);
			mainGroup = 4E0F996220DC80D50007A9FC;
			productRefGroup = 4E0F996C20DC80D50007A9FC /* Products */;
			projectDirPath = "";
			projectRoot = "";
			targets = (
				4E0F996A20DC80D50007A9FC /* CashRegister */,
			);
		};
/* End PBXProject section */

/* Begin PBXResourcesBuildPhase section */
		4E0F996920DC80D50007A9FC /* Resources */ = {
			isa = PBXResourcesBuildPhase;
			buildActionMask = 2147483647;
			files = (
				4E0F997E20DC80D50007A9FC /* LaunchScreen.storyboard in Resources */,
				4E0F997B20DC80D50007A9FC /* Assets.xcassets in Resources */,
				4E0F997920DC80D50007A9FC /* Main.storyboard in Resources */,
			);
			runOnlyForDeploymentPostprocessing = 0;
		};
/* End PBXResourcesBuildPhase section */

/* Begin PBXSourcesBuildPhase section */
		4E0F996720DC80D50007A9FC /* Sources */ = {
			isa = PBXSourcesBuildPhase;
			buildActionMask = 2147483647;
			files = (
				4EC635FE20DDDA1800AC2404 /* CustomButton.m in Sources */,
				4E0F997620DC80D50007A9FC /* ViewController.m in Sources */,
				4E0F998A20DC847B0007A9FC /* ProductManager.m in Sources */,
				4E60C71320E1C4C800CB8CC3 /* HistoryViewController.m in Sources */,
				4E69C8B620E5683400A824BB /* ManagerViewController.m in Sources */,
				4E0F998720DC839A0007A9FC /* Product.m in Sources */,
				4E0F997320DC80D50007A9FC /* AppDelegate.m in Sources */,
				4E0F997020DC80D50007A9FC /* main.m in Sources */,
			);
			runOnlyForDeploymentPostprocessing = 0;
		};
/* End PBXSourcesBuildPhase section */

/* Begin PBXVariantGroup section */
		4E0F997720DC80D50007A9FC /* Main.storyboard */ = {
			isa = PBXVariantGroup;
			children = (
				4E0F997820DC80D50007A9FC /* Base */,
			);
			name = Main.storyboard;
			sourceTree = "<group>";
		};
		4E0F997C20DC80D50007A9FC /* LaunchScreen.storyboard */ = {
			isa = PBXVariantGroup;
			children = (
				4E0F997D20DC80D50007A9FC /* Base */,
			);
			name = LaunchScreen.storyboard;
			sourceTree = "<group>";
		};
/* End PBXVariantGroup section */

/* Begin XCBuildConfiguration section */
		4E0F998020DC80D50007A9FC /* Debug */ = {
			isa = XCBuildConfiguration;
			buildSettings = {
				ALWAYS_SEARCH_USER_PATHS = NO;
				CLANG_ANALYZER_NONNULL = YES;
				CLANG_ANALYZER_NUMBER_OBJECT_CONVERSION = YES_AGGRESSIVE;
				CLANG_CXX_LANGUAGE_STANDARD = "gnu++0x";
				CLANG_CXX_LIBRARY = "libc++";
				CLANG_ENABLE_MODULES = YES;
				CLANG_ENABLE_OBJC_ARC = YES;
				CLANG_WARN_BOOL_CONVERSION = YES;
				CLANG_WARN_CONSTANT_CONVERSION = YES;
				CLANG_WARN_DIRECT_OBJC_ISA_USAGE = YES_ERROR;
				CLANG_WARN_DOCUMENTATION_COMMENTS = YES;
				CLANG_WARN_EMPTY_BODY = YES;
				CLANG_WARN_ENUM_CONVERSION = YES;
				CLANG_WARN_INFINITE_RECURSION = YES;
				CLANG_WARN_INT_CONVERSION = YES;
				CLANG_WARN_OBJC_ROOT_CLASS = YES_ERROR;
				CLANG_WARN_SUSPICIOUS_MOVE = YES;
				CLANG_WARN_UNREACHABLE_CODE = YES;
				CLANG_WARN__DUPLICATE_METHOD_MATCH = YES;
				"CODE_SIGN_IDENTITY[sdk=iphoneos*]" = "iPhone Developer";
				COPY_PHASE_STRIP = NO;
				DEBUG_INFORMATION_FORMAT = dwarf;
				ENABLE_STRICT_OBJC_MSGSEND = YES;
				ENABLE_TESTABILITY = YES;
				GCC_C_LANGUAGE_STANDARD = gnu99;
				GCC_DYNAMIC_NO_PIC = NO;
				GCC_NO_COMMON_BLOCKS = YES;
				GCC_OPTIMIZATION_LEVEL = 0;
				GCC_PREPROCESSOR_DEFINITIONS = (
					"DEBUG=1",
					"$(inherited)",
				);
				GCC_WARN_64_TO_32_BIT_CONVERSION = YES;
				GCC_WARN_ABOUT_RETURN_TYPE = YES_ERROR;
				GCC_WARN_UNDECLARED_SELECTOR = YES;
				GCC_WARN_UNINITIALIZED_AUTOS = YES_AGGRESSIVE;
				GCC_WARN_UNUSED_FUNCTION = YES;
				GCC_WARN_UNUSED_VARIABLE = YES;
				IPHONEOS_DEPLOYMENT_TARGET = 10.3;
				MTL_ENABLE_DEBUG_INFO = YES;
				ONLY_ACTIVE_ARCH = YES;
				SDKROOT = iphoneos;
				TARGETED_DEVICE_FAMILY = "1,2";
			};
			name = Debug;
		};
		4E0F998120DC80D50007A9FC /* Release */ = {
			isa = XCBuildConfiguration;
			buildSettings = {
				ALWAYS_SEARCH_USER_PATHS = NO;
				CLANG_ANALYZER_NONNULL = YES;
				CLANG_ANALYZER_NUMBER_OBJECT_CONVERSION = YES_AGGRESSIVE;
				CLANG_CXX_LANGUAGE_STANDARD = "gnu++0x";
				CLANG_CXX_LIBRARY = "libc++";
				CLANG_ENABLE_MODULES = YES;
				CLANG_ENABLE_OBJC_ARC = YES;
				CLANG_WARN_BOOL_CONVERSION = YES;
				CLANG_WARN_CONSTANT_CONVERSION = YES;
				CLANG_WARN_DIRECT_OBJC_ISA_USAGE = YES_ERROR;
				CLANG_WARN_DOCUMENTATION_COMMENTS = YES;
				CLANG_WARN_EMPTY_BODY = YES;
				CLANG_WARN_ENUM_CONVERSION = YES;
				CLANG_WARN_INFINITE_RECURSION = YES;
				CLANG_WARN_INT_CONVERSION = YES;
				CLANG_WARN_OBJC_ROOT_CLASS = YES_ERROR;
				CLANG_WARN_SUSPICIOUS_MOVE = YES;
				CLANG_WARN_UNREACHABLE_CODE = YES;
				CLANG_WARN__DUPLICATE_METHOD_MATCH = YES;
				"CODE_SIGN_IDENTITY[sdk=iphoneos*]" = "iPhone Developer";
				COPY_PHASE_STRIP = NO;
				DEBUG_INFORMATION_FORMAT = "dwarf-with-dsym";
				ENABLE_NS_ASSERTIONS = NO;
				ENABLE_STRICT_OBJC_MSGSEND = YES;
				GCC_C_LANGUAGE_STANDARD = gnu99;
				GCC_NO_COMMON_BLOCKS = YES;
				GCC_WARN_64_TO_32_BIT_CONVERSION = YES;
				GCC_WARN_ABOUT_RETURN_TYPE = YES_ERROR;
				GCC_WARN_UNDECLARED_SELECTOR = YES;
				GCC_WARN_UNINITIALIZED_AUTOS = YES_AGGRESSIVE;
				GCC_WARN_UNUSED_FUNCTION = YES;
				GCC_WARN_UNUSED_VARIABLE = YES;
				IPHONEOS_DEPLOYMENT_TARGET = 10.3;
				MTL_ENABLE_DEBUG_INFO = NO;
				SDKROOT = iphoneos;
				TARGETED_DEVICE_FAMILY = "1,2";
				VALIDATE_PRODUCT = YES;
			};
			name = Release;
		};
		4E0F998320DC80D50007A9FC /* Debug */ = {
			isa = XCBuildConfiguration;
			buildSettings = {
				ASSETCATALOG_COMPILER_APPICON_NAME = AppIcon;
				INFOPLIST_FILE = CashRegister/Info.plist;
				LD_RUNPATH_SEARCH_PATHS = "$(inherited) @executable_path/Frameworks";
				PRODUCT_BUNDLE_IDENTIFIER = "-23.CashRegister";
				PRODUCT_NAME = "$(TARGET_NAME)";
			};
			name = Debug;
		};
		4E0F998420DC80D50007A9FC /* Release */ = {
			isa = XCBuildConfiguration;
			buildSettings = {
				ASSETCATALOG_COMPILER_APPICON_NAME = AppIcon;
				INFOPLIST_FILE = CashRegister/Info.plist;
				LD_RUNPATH_SEARCH_PATHS = "$(inherited) @executable_path/Frameworks";
				PRODUCT_BUNDLE_IDENTIFIER = "-23.CashRegister";
				PRODUCT_NAME = "$(TARGET_NAME)";
			};
			name = Release;
		};
/* End XCBuildConfiguration section */

/* Begin XCConfigurationList section */
		4E0F996620DC80D50007A9FC /* Build configuration list for PBXProject "CashRegister" */ = {
			isa = XCConfigurationList;
			buildConfigurations = (
				4E0F998020DC80D50007A9FC /* Debug */,
				4E0F998120DC80D50007A9FC /* Release */,
			);
			defaultConfigurationIsVisible = 0;
			defaultConfigurationName = Release;
		};
		4E0F998220DC80D50007A9FC /* Build configuration list for PBXNativeTarget "CashRegister" */ = {
			isa = XCConfigurationList;
			buildConfigurations = (
				4E0F998320DC80D50007A9FC /* Debug */,
				4E0F998420DC80D50007A9FC /* Release */,
			);
			defaultConfigurationIsVisible = 0;
			defaultConfigurationName = Release;
		};
/* End XCConfigurationList section */
	};
	rootObject = 4E0F996320DC80D50007A9FC /* Project object */;
}
